
Microsoft Visual Studio Solution File, Format Version 12.00
# Visual Studio Version 17
VisualStudioVersion = 17.14.36511.14
MinimumVisualStudioVersion = 10.0.40219.1
Project("{E24C65DC-7377-472B-9ABA-BC803B73C61A}") = "Programming Website", "http://localhost:51570", "{9C268466-E80B-A659-01D4-C241D2DB4DBC}"
	ProjectSection(WebsiteProperties) = preProject
		UseIISExpress = "true"
		TargetFrameworkMoniker = ".NETFramework,Version%3Dv4.8"
		Debug.AspNetCompiler.VirtualPath = "/localhost_51570"
		Debug.AspNetCompiler.PhysicalPath = "..\..\..\..\My Web Sites\Programming Website\"
		Debug.AspNetCompiler.TargetPath = "PrecompiledWeb\localhost_51570\"
		Debug.AspNetCompiler.Updateable = "true"
		Debug.AspNetCompiler.ForceOverwrite = "true"
		Debug.AspNetCompiler.FixedNames = "false"
		Debug.AspNetCompiler.Debug = "True"
		Release.AspNetCompiler.VirtualPath = "/localhost_51570"
		Release.AspNetCompiler.PhysicalPath = "..\..\..\..\My Web Sites\Programming Website\"
		Release.AspNetCompiler.TargetPath = "PrecompiledWeb\localhost_51570\"
		Release.AspNetCompiler.Updateable = "true"
		Release.AspNetCompiler.ForceOverwrite = "true"
		Release.AspNetCompiler.FixedNames = "false"
		Release.AspNetCompiler.Debug = "False"
		SlnRelativePath = "..\..\..\..\My Web Sites\Programming Website\"
	EndProjectSection
EndProject
Global
	GlobalSection(SolutionConfigurationPlatforms) = preSolution
		Debug|Any CPU = Debug|Any CPU
	EndGlobalSection
	GlobalSection(ProjectConfigurationPlatforms) = postSolution
		{9C268466-E80B-A659-01D4-C241D2DB4DBC}.Debug|Any CPU.ActiveCfg = Debug|Any CPU
		{9C268466-E80B-A659-01D4-C241D2DB4DBC}.Debug|Any CPU.Build.0 = Debug|Any CPU
	EndGlobalSection
	GlobalSection(SolutionProperties) = preSolution
		HideSolutionNode = FALSE
	EndGlobalSection
	GlobalSection(ExtensibilityGlobals) = postSolution
		SolutionGuid = {5844AAF2-8772-4EE0-BE9F-89B4C040E971}
	EndGlobalSection
EndGlobal
